
Microsoft Visual Studio Solution File, Format Version 12.00
# Visual Studio Version 16
VisualStudioVersion = 16.0.31424.327
MinimumVisualStudioVersion = 10.0.40219.1
Project("{2150E333-8FDC-42A3-9474-1A3956D46DE8}") = "src", "src", "{FCB04637-3DA8-4DCD-A320-B5B53DDE0A90}"
EndProject
Project("{2150E333-8FDC-42A3-9474-1A3956D46DE8}") = "test", "test", "{7B1BEF01-9F13-49F9-9EF5-8D9A8AD27F26}"
EndProject
Project("{2150E333-8FDC-42A3-9474-1A3956D46DE8}") = "API", "API", "{F6DF3192-B156-4EBF-BE46-C002CB359A55}"
EndProject
Project("{2150E333-8FDC-42A3-9474-1A3956D46DE8}") = "Core", "Core", "{F68EC55A-0D9E-4ED6-B3BF-B6B0C8120535}"
EndProject
Project("{2150E333-8FDC-42A3-9474-1A3956D46DE8}") = "UI", "UI", "{96B9B6DD-E3D2-4393-BC3F-89EDEDCD1098}"
EndProject
Project("{2150E333-8FDC-42A3-9474-1A3956D46DE8}") = "Inrastructure", "Inrastructure", "{CDB928DB-D2C6-460C-B90A-A6CE33D1EA0D}"
EndProject
Project("{9A19103F-16F7-4668-BE54-9A1E7A4F7556}") = "GloboTicket.TicketManagement.Domain", "src\Core\GloboTicket.TicketManagement.Domain\GloboTicket.TicketManagement.Domain.csproj", "{0F116959-2584-4B5D-8FF7-E6A9FF7FA06B}"
EndProject
Project("{9A19103F-16F7-4668-BE54-9A1E7A4F7556}") = "GloboTicket.TicketManagement.Application", "src\Core\GloboTicket.TicketManagement.Application\GloboTicket.TicketManagement.Application.csproj", "{810A34F6-A9BE-4CC7-8059-174B0B7261E0}"
EndProject
Project("{FAE04EC0-301F-11D3-BF4B-00C04F79EFBC}") = "GloboTicket.TicketManagement.Persistence", "src\Infrastructure\GloboTicket.TicketManagement.Persistence\GloboTicket.TicketManagement.Persistence.csproj", "{A57E59E8-EC6C-44C4-8C9D-59423796A3D5}"
EndProject
Global
	GlobalSection(SolutionConfigurationPlatforms) = preSolution
		Debug|Any CPU = Debug|Any CPU
		Release|Any CPU = Release|Any CPU
	EndGlobalSection
	GlobalSection(ProjectConfigurationPlatforms) = postSolution
		{0F116959-2584-4B5D-8FF7-E6A9FF7FA06B}.Debug|Any CPU.ActiveCfg = Debug|Any CPU
		{0F116959-2584-4B5D-8FF7-E6A9FF7FA06B}.Debug|Any CPU.Build.0 = Debug|Any CPU
		{0F116959-2584-4B5D-8FF7-E6A9FF7FA06B}.Release|Any CPU.ActiveCfg = Release|Any CPU
		{0F116959-2584-4B5D-8FF7-E6A9FF7FA06B}.Release|Any CPU.Build.0 = Release|Any CPU
		{810A34F6-A9BE-4CC7-8059-174B0B7261E0}.Debug|Any CPU.ActiveCfg = Debug|Any CPU
		{810A34F6-A9BE-4CC7-8059-174B0B7261E0}.Debug|Any CPU.Build.0 = Debug|Any CPU
		{810A34F6-A9BE-4CC7-8059-174B0B7261E0}.Release|Any CPU.ActiveCfg = Release|Any CPU
		{810A34F6-A9BE-4CC7-8059-174B0B7261E0}.Release|Any CPU.Build.0 = Release|Any CPU
		{A57E59E8-EC6C-44C4-8C9D-59423796A3D5}.Debug|Any CPU.ActiveCfg = Debug|Any CPU
		{A57E59E8-EC6C-44C4-8C9D-59423796A3D5}.Debug|Any CPU.Build.0 = Debug|Any CPU
		{A57E59E8-EC6C-44C4-8C9D-59423796A3D5}.Release|Any CPU.ActiveCfg = Release|Any CPU
		{A57E59E8-EC6C-44C4-8C9D-59423796A3D5}.Release|Any CPU.Build.0 = Release|Any CPU
	EndGlobalSection
	GlobalSection(SolutionProperties) = preSolution
		HideSolutionNode = FALSE
	EndGlobalSection
	GlobalSection(NestedProjects) = preSolution
		{F6DF3192-B156-4EBF-BE46-C002CB359A55} = {FCB04637-3DA8-4DCD-A320-B5B53DDE0A90}
		{F68EC55A-0D9E-4ED6-B3BF-B6B0C8120535} = {FCB04637-3DA8-4DCD-A320-B5B53DDE0A90}
		{96B9B6DD-E3D2-4393-BC3F-89EDEDCD1098} = {FCB04637-3DA8-4DCD-A320-B5B53DDE0A90}
		{CDB928DB-D2C6-460C-B90A-A6CE33D1EA0D} = {FCB04637-3DA8-4DCD-A320-B5B53DDE0A90}
		{0F116959-2584-4B5D-8FF7-E6A9FF7FA06B} = {F68EC55A-0D9E-4ED6-B3BF-B6B0C8120535}
		{810A34F6-A9BE-4CC7-8059-174B0B7261E0} = {F68EC55A-0D9E-4ED6-B3BF-B6B0C8120535}
		{A57E59E8-EC6C-44C4-8C9D-59423796A3D5} = {CDB928DB-D2C6-460C-B90A-A6CE33D1EA0D}
	EndGlobalSection
	GlobalSection(ExtensibilityGlobals) = postSolution
		SolutionGuid = {2DE11F89-B7EF-41A5-8FE1-B929A088804A}
	EndGlobalSection
EndGlobal
